
Microsoft Visual Studio Solution File, Format Version 12.00
# Visual Studio Version 17
VisualStudioVersion = 17.14.36414.22
MinimumVisualStudioVersion = 10.0.40219.1
Project("{FAE04EC0-301F-11D3-BF4B-00C04F79EFBC}") = "Buoi05_Bai_1", "Buoi05_Bai_1\Buoi05_Bai_1.csproj", "{C5E381FA-ECFC-6A3C-E3E7-C3EC549EBA93}"
EndProject
Project("{FAE04EC0-301F-11D3-BF4B-00C04F79EFBC}") = "Buoi04_Bai_3", "Buoi04_Bai_3\Buoi04_Bai_3.csproj", "{212BA2C0-A4C7-7CDB-9EFB-60D1C86889E9}"
EndProject
Project("{FAE04EC0-301F-11D3-BF4B-00C04F79EFBC}") = "Buoi04_Bai_2", "Buoi04_Bai_2\Buoi04_Bai_2.csproj", "{12BF1335-C237-4477-A9D0-A3BE90F42BA6}"
EndProject
Project("{FAE04EC0-301F-11D3-BF4B-00C04F79EFBC}") = "Buoi04_Bai_1", "Buoi04_Bai_1\Buoi04_Bai_1.csproj", "{E592DDC5-5605-8405-883F-56D260AA8D39}"
EndProject
Project("{FAE04EC0-301F-11D3-BF4B-00C04F79EFBC}") = "Buoi02_Bai_4.7", "Buoi02_Bai_4.7\Buoi02_Bai_4.7.csproj", "{5A0EE5C0-E65D-839E-5E66-5682E1E13E10}"
EndProject
Project("{FAE04EC0-301F-11D3-BF4B-00C04F79EFBC}") = "Buoi02_Bai_4.6", "Buoi02_Bai_4.6\Buoi02_Bai_4.6.csproj", "{39183871-3290-DCA2-51B3-D3D56E2EA21B}"
EndProject
Project("{FAE04EC0-301F-11D3-BF4B-00C04F79EFBC}") = "Buoi02_Bai_4.5", "Buoi02_Bai_4.5\Buoi02_Bai_4.5.csproj", "{5E7EB1A3-E212-9737-1489-75A9F40CE85A}"
EndProject
Project("{FAE04EC0-301F-11D3-BF4B-00C04F79EFBC}") = "Buoi02_Bai_4.4", "Buoi02_Bai_4.4\Buoi02_Bai_4.4.csproj", "{DD0A6B8D-E7B4-DB70-0CFB-7664C3A66C6B}"
EndProject
Project("{FAE04EC0-301F-11D3-BF4B-00C04F79EFBC}") = "Buoi02_Bai_4.3", "Buoi02_Bai_4.3\Buoi02_Bai_4.3.csproj", "{F3DFF08B-8881-B195-BB40-B223A27CF5D8}"
EndProject
Project("{FAE04EC0-301F-11D3-BF4B-00C04F79EFBC}") = "Buoi02_Bai_4.2", "Buoi02_Bai_4.2\Buoi02_Bai_4.2.csproj", "{39AD1556-554F-FFD3-7399-3C551FCBBAAE}"
EndProject
Project("{FAE04EC0-301F-11D3-BF4B-00C04F79EFBC}") = "Buoi02_Bai_4.1", "Buoi02_Bai_4.1\Buoi02_Bai_4.1.csproj", "{8954569A-CECF-CC71-42D5-3697A0B9A848}"
EndProject
Project("{FAE04EC0-301F-11D3-BF4B-00C04F79EFBC}") = "Buoi02_Bai_3.4", "Buoi02_Bai_3.4\Buoi02_Bai_3.4.csproj", "{8AB85858-A69B-AEEC-1E35-AA1FFDF1F4E7}"
EndProject
Project("{FAE04EC0-301F-11D3-BF4B-00C04F79EFBC}") = "Buoi02_Bai_3.3", "Buoi02_Bai_3.3\Buoi02_Bai_3.3.csproj", "{72B9464B-31CF-E139-88C9-2F2865C4AEB4}"
EndProject
Project("{FAE04EC0-301F-11D3-BF4B-00C04F79EFBC}") = "Buoi02_Bai_3.2", "Buoi02_Bai_3.2\Buoi02_Bai_3.2.csproj", "{20A1C21E-4D57-0122-F8F8-D96C41855146}"
EndProject
Project("{FAE04EC0-301F-11D3-BF4B-00C04F79EFBC}") = "Buoi02_Bai_3.1", "Buoi02_Bai_3.1\Buoi02_Bai_3.1.csproj", "{9F54BE68-F9BD-9615-88A8-90C3EED4989F}"
EndProject
Project("{FAE04EC0-301F-11D3-BF4B-00C04F79EFBC}") = "Buoi02_Bai_2.9", "Buoi02_Bai_2.9\Buoi02_Bai_2.9.csproj", "{556C7A1D-9CC0-3BC5-E044-22A834BF9E95}"
EndProject
Project("{FAE04EC0-301F-11D3-BF4B-00C04F79EFBC}") = "Buoi02_Bai_2.8", "Buoi02_Bai_2.8\Buoi02_Bai_2.8.csproj", "{2FC596CA-85C2-AAA2-4F61-6E8AF372D442}"
EndProject
Project("{FAE04EC0-301F-11D3-BF4B-00C04F79EFBC}") = "Buoi02_Bai_2.7", "Buoi02_Bai_2.7\Buoi02_Bai_2.7.csproj", "{C471FE0F-A5AC-8B26-2F93-933BC9D1D09A}"
EndProject
Project("{FAE04EC0-301F-11D3-BF4B-00C04F79EFBC}") = "Buoi02_Bai_2.6", "Buoi02_Bai_2.6\Buoi02_Bai_2.6.csproj", "{BA7B374D-1BD5-5A73-B00D-CEBC99797D4F}"
EndProject
Project("{FAE04EC0-301F-11D3-BF4B-00C04F79EFBC}") = "Buoi02_Bai_2.5", "Buoi02_Bai_2.5\Buoi02_Bai_2.5.csproj", "{6C5BD82E-97E0-5309-93C2-4BECA4568E8D}"
EndProject
Project("{FAE04EC0-301F-11D3-BF4B-00C04F79EFBC}") = "Buoi02_Bai_2.4", "Buoi02_Bai_2.4\Buoi02_Bai_2.4.csproj", "{210472A5-7A92-D1AC-21A8-9658F6F8328F}"
EndProject
Project("{FAE04EC0-301F-11D3-BF4B-00C04F79EFBC}") = "Buoi02_Bai_2.3", "Buoi02_Bai_2.3\Buoi02_Bai_2.3.csproj", "{99B33790-81F9-CE84-D6BE-4939D9A348C4}"
EndProject
Project("{FAE04EC0-301F-11D3-BF4B-00C04F79EFBC}") = "Buoi02_Bai_2.2", "Buoi02_Bai_2.2\Buoi02_Bai_2.2.csproj", "{FAB54E46-F9B5-8C5C-B105-97E76E39E29C}"
EndProject
Project("{FAE04EC0-301F-11D3-BF4B-00C04F79EFBC}") = "Buoi02_Bai_2.10", "Buoi02_Bai_2.10\Buoi02_Bai_2.10.csproj", "{174B5902-C1BB-C68F-CC21-06959AEF57B3}"
EndProject
Project("{FAE04EC0-301F-11D3-BF4B-00C04F79EFBC}") = "Buoi02_Bai_2.1", "Buoi02_Bai_2.1\Buoi02_Bai_2.1.csproj", "{A4D5233A-9A5D-86D0-07C0-DB088347FD92}"
EndProject
Project("{FAE04EC0-301F-11D3-BF4B-00C04F79EFBC}") = "Buoi03_Bai_9", "Buoi03_Bai_9\Buoi03_Bai_9.csproj", "{DD26DFA6-8080-06E9-4B9F-EBE46DABD7CB}"
EndProject
Project("{FAE04EC0-301F-11D3-BF4B-00C04F79EFBC}") = "Buoi03_Bai_8", "Buoi03_Bai_8\Buoi03_Bai_8.csproj", "{646A6AB0-90B3-2058-5CC5-830F6C972EB8}"
EndProject
Project("{FAE04EC0-301F-11D3-BF4B-00C04F79EFBC}") = "Buoi03_Bai_7", "Buoi03_Bai_7\Buoi03_Bai_7.csproj", "{49EDF223-ABA9-17B7-22EC-77B5C5F27992}"
EndProject
Project("{FAE04EC0-301F-11D3-BF4B-00C04F79EFBC}") = "Buoi03_Bai_6", "Buoi03_Bai_6\Buoi03_Bai_6.csproj", "{5AAF2DC7-E6DE-AD36-9EFF-9CF2E3D51F7A}"
EndProject
Project("{FAE04EC0-301F-11D3-BF4B-00C04F79EFBC}") = "Buoi03_Bai_5", "Buoi03_Bai_5\Buoi03_Bai_5.csproj", "{A684ED0A-25B3-C389-0EC4-CA8FCFE8A0FF}"
EndProject
Project("{FAE04EC0-301F-11D3-BF4B-00C04F79EFBC}") = "Buoi03_Bai_4", "Buoi03_Bai_4\Buoi03_Bai_4.csproj", "{06F6DBBF-E2C4-4EAF-F8C6-1E40ED04DDD2}"
EndProject
Project("{FAE04EC0-301F-11D3-BF4B-00C04F79EFBC}") = "Buoi03_Bai_3", "Buoi03_Bai_3\Buoi03_Bai_3.csproj", "{92F8510A-30F2-7335-77A0-95EC4A8C5145}"
EndProject
Project("{FAE04EC0-301F-11D3-BF4B-00C04F79EFBC}") = "Buoi03_Bai_2", "Buoi03_Bai_2\Buoi03_Bai_2.csproj", "{6E07ECD8-0857-EFF2-0481-FE4191F4988C}"
EndProject
Project("{FAE04EC0-301F-11D3-BF4B-00C04F79EFBC}") = "Buoi03_Bai_1", "Buoi03_Bai_1\Buoi03_Bai_1.csproj", "{0486AEA7-F8BA-0A61-1C28-59FEC9B5F6C8}"
EndProject
Global
	GlobalSection(SolutionConfigurationPlatforms) = preSolution
		Debug|Any CPU = Debug|Any CPU
		Release|Any CPU = Release|Any CPU
	EndGlobalSection
	GlobalSection(ProjectConfigurationPlatforms) = postSolution
		{C5E381FA-ECFC-6A3C-E3E7-C3EC549EBA93}.Debug|Any CPU.ActiveCfg = Debug|Any CPU
		{C5E381FA-ECFC-6A3C-E3E7-C3EC549EBA93}.Debug|Any CPU.Build.0 = Debug|Any CPU
		{C5E381FA-ECFC-6A3C-E3E7-C3EC549EBA93}.Release|Any CPU.ActiveCfg = Release|Any CPU
		{C5E381FA-ECFC-6A3C-E3E7-C3EC549EBA93}.Release|Any CPU.Build.0 = Release|Any CPU
		{212BA2C0-A4C7-7CDB-9EFB-60D1C86889E9}.Debug|Any CPU.ActiveCfg = Debug|Any CPU
		{212BA2C0-A4C7-7CDB-9EFB-60D1C86889E9}.Debug|Any CPU.Build.0 = Debug|Any CPU
		{212BA2C0-A4C7-7CDB-9EFB-60D1C86889E9}.Release|Any CPU.ActiveCfg = Release|Any CPU
		{212BA2C0-A4C7-7CDB-9EFB-60D1C86889E9}.Release|Any CPU.Build.0 = Release|Any CPU
		{12BF1335-C237-4477-A9D0-A3BE90F42BA6}.Debug|Any CPU.ActiveCfg = Debug|Any CPU
		{12BF1335-C237-4477-A9D0-A3BE90F42BA6}.Debug|Any CPU.Build.0 = Debug|Any CPU
		{12BF1335-C237-4477-A9D0-A3BE90F42BA6}.Release|Any CPU.ActiveCfg = Release|Any CPU
		{12BF1335-C237-4477-A9D0-A3BE90F42BA6}.Release|Any CPU.Build.0 = Release|Any CPU
		{E592DDC5-5605-8405-883F-56D260AA8D39}.Debug|Any CPU.ActiveCfg = Debug|Any CPU
		{E592DDC5-5605-8405-883F-56D260AA8D39}.Debug|Any CPU.Build.0 = Debug|Any CPU
		{E592DDC5-5605-8405-883F-56D260AA8D39}.Release|Any CPU.ActiveCfg = Release|Any CPU
		{E592DDC5-5605-8405-883F-56D260AA8D39}.Release|Any CPU.Build.0 = Release|Any CPU
		{5A0EE5C0-E65D-839E-5E66-5682E1E13E10}.Debug|Any CPU.ActiveCfg = Debug|Any CPU
		{5A0EE5C0-E65D-839E-5E66-5682E1E13E10}.Debug|Any CPU.Build.0 = Debug|Any CPU
		{5A0EE5C0-E65D-839E-5E66-5682E1E13E10}.Release|Any CPU.ActiveCfg = Release|Any CPU
		{5A0EE5C0-E65D-839E-5E66-5682E1E13E10}.Release|Any CPU.Build.0 = Release|Any CPU
		{39183871-3290-DCA2-51B3-D3D56E2EA21B}.Debug|Any CPU.ActiveCfg = Debug|Any CPU
		{39183871-3290-DCA2-51B3-D3D56E2EA21B}.Debug|Any CPU.Build.0 = Debug|Any CPU
		{39183871-3290-DCA2-51B3-D3D56E2EA21B}.Release|Any CPU.ActiveCfg = Release|Any CPU
		{39183871-3290-DCA2-51B3-D3D56E2EA21B}.Release|Any CPU.Build.0 = Release|Any CPU
		{5E7EB1A3-E212-9737-1489-75A9F40CE85A}.Debug|Any CPU.ActiveCfg = Debug|Any CPU
		{5E7EB1A3-E212-9737-1489-75A9F40CE85A}.Debug|Any CPU.Build.0 = Debug|Any CPU
		{5E7EB1A3-E212-9737-1489-75A9F40CE85A}.Release|Any CPU.ActiveCfg = Release|Any CPU
		{5E7EB1A3-E212-9737-1489-75A9F40CE85A}.Release|Any CPU.Build.0 = Release|Any CPU
		{DD0A6B8D-E7B4-DB70-0CFB-7664C3A66C6B}.Debug|Any CPU.ActiveCfg = Debug|Any CPU
		{DD0A6B8D-E7B4-DB70-0CFB-7664C3A66C6B}.Debug|Any CPU.Build.0 = Debug|Any CPU
		{DD0A6B8D-E7B4-DB70-0CFB-7664C3A66C6B}.Release|Any CPU.ActiveCfg = Release|Any CPU
		{DD0A6B8D-E7B4-DB70-0CFB-7664C3A66C6B}.Release|Any CPU.Build.0 = Release|Any CPU
		{F3DFF08B-8881-B195-BB40-B223A27CF5D8}.Debug|Any CPU.ActiveCfg = Debug|Any CPU
		{F3DFF08B-8881-B195-BB40-B223A27CF5D8}.Debug|Any CPU.Build.0 = Debug|Any CPU
		{F3DFF08B-8881-B195-BB40-B223A27CF5D8}.Release|Any CPU.ActiveCfg = Release|Any CPU
		{F3DFF08B-8881-B195-BB40-B223A27CF5D8}.Release|Any CPU.Build.0 = Release|Any CPU
		{39AD1556-554F-FFD3-7399-3C551FCBBAAE}.Debug|Any CPU.ActiveCfg = Debug|Any CPU
		{39AD1556-554F-FFD3-7399-3C551FCBBAAE}.Debug|Any CPU.Build.0 = Debug|Any CPU
		{39AD1556-554F-FFD3-7399-3C551FCBBAAE}.Release|Any CPU.ActiveCfg = Release|Any CPU
		{39AD1556-554F-FFD3-7399-3C551FCBBAAE}.Release|Any CPU.Build.0 = Release|Any CPU
		{8954569A-CECF-CC71-42D5-3697A0B9A848}.Debug|Any CPU.ActiveCfg = Debug|Any CPU
		{8954569A-CECF-CC71-42D5-3697A0B9A848}.Debug|Any CPU.Build.0 = Debug|Any CPU
		{8954569A-CECF-CC71-42D5-3697A0B9A848}.Release|Any CPU.ActiveCfg = Release|Any CPU
		{8954569A-CECF-CC71-42D5-3697A0B9A848}.Release|Any CPU.Build.0 = Release|Any CPU
		{8AB85858-A69B-AEEC-1E35-AA1FFDF1F4E7}.Debug|Any CPU.ActiveCfg = Debug|Any CPU
		{8AB85858-A69B-AEEC-1E35-AA1FFDF1F4E7}.Debug|Any CPU.Build.0 = Debug|Any CPU
		{8AB85858-A69B-AEEC-1E35-AA1FFDF1F4E7}.Release|Any CPU.ActiveCfg = Release|Any CPU
		{8AB85858-A69B-AEEC-1E35-AA1FFDF1F4E7}.Release|Any CPU.Build.0 = Release|Any CPU
		{72B9464B-31CF-E139-88C9-2F2865C4AEB4}.Debug|Any CPU.ActiveCfg = Debug|Any CPU
		{72B9464B-31CF-E139-88C9-2F2865C4AEB4}.Debug|Any CPU.Build.0 = Debug|Any CPU
		{72B9464B-31CF-E139-88C9-2F2865C4AEB4}.Release|Any CPU.ActiveCfg = Release|Any CPU
		{72B9464B-31CF-E139-88C9-2F2865C4AEB4}.Release|Any CPU.Build.0 = Release|Any CPU
		{20A1C21E-4D57-0122-F8F8-D96C41855146}.Debug|Any CPU.ActiveCfg = Debug|Any CPU
		{20A1C21E-4D57-0122-F8F8-D96C41855146}.Debug|Any CPU.Build.0 = Debug|Any CPU
		{20A1C21E-4D57-0122-F8F8-D96C41855146}.Release|Any CPU.ActiveCfg = Release|Any CPU
		{20A1C21E-4D57-0122-F8F8-D96C41855146}.Release|Any CPU.Build.0 = Release|Any CPU
		{9F54BE68-F9BD-9615-88A8-90C3EED4989F}.Debug|Any CPU.ActiveCfg = Debug|Any CPU
		{9F54BE68-F9BD-9615-88A8-90C3EED4989F}.Debug|Any CPU.Build.0 = Debug|Any CPU
		{9F54BE68-F9BD-9615-88A8-90C3EED4989F}.Release|Any CPU.ActiveCfg = Release|Any CPU
		{9F54BE68-F9BD-9615-88A8-90C3EED4989F}.Release|Any CPU.Build.0 = Release|Any CPU
		{556C7A1D-9CC0-3BC5-E044-22A834BF9E95}.Debug|Any CPU.ActiveCfg = Debug|Any CPU
		{556C7A1D-9CC0-3BC5-E044-22A834BF9E95}.Debug|Any CPU.Build.0 = Debug|Any CPU
		{556C7A1D-9CC0-3BC5-E044-22A834BF9E95}.Release|Any CPU.ActiveCfg = Release|Any CPU
		{556C7A1D-9CC0-3BC5-E044-22A834BF9E95}.Release|Any CPU.Build.0 = Release|Any CPU
		{2FC596CA-85C2-AAA2-4F61-6E8AF372D442}.Debug|Any CPU.ActiveCfg = Debug|Any CPU
		{2FC596CA-85C2-AAA2-4F61-6E8AF372D442}.Debug|Any CPU.Build.0 = Debug|Any CPU
		{2FC596CA-85C2-AAA2-4F61-6E8AF372D442}.Release|Any CPU.ActiveCfg = Release|Any CPU
		{2FC596CA-85C2-AAA2-4F61-6E8AF372D442}.Release|Any CPU.Build.0 = Release|Any CPU
		{C471FE0F-A5AC-8B26-2F93-933BC9D1D09A}.Debug|Any CPU.ActiveCfg = Debug|Any CPU
		{C471FE0F-A5AC-8B26-2F93-933BC9D1D09A}.Debug|Any CPU.Build.0 = Debug|Any CPU
		{C471FE0F-A5AC-8B26-2F93-933BC9D1D09A}.Release|Any CPU.ActiveCfg = Release|Any CPU
		{C471FE0F-A5AC-8B26-2F93-933BC9D1D09A}.Release|Any CPU.Build.0 = Release|Any CPU
		{BA7B374D-1BD5-5A73-B00D-CEBC99797D4F}.Debug|Any CPU.ActiveCfg = Debug|Any CPU
		{BA7B374D-1BD5-5A73-B00D-CEBC99797D4F}.Debug|Any CPU.Build.0 = Debug|Any CPU
		{BA7B374D-1BD5-5A73-B00D-CEBC99797D4F}.Release|Any CPU.ActiveCfg = Release|Any CPU
		{BA7B374D-1BD5-5A73-B00D-CEBC99797D4F}.Release|Any CPU.Build.0 = Release|Any CPU
		{6C5BD82E-97E0-5309-93C2-4BECA4568E8D}.Debug|Any CPU.ActiveCfg = Debug|Any CPU
		{6C5BD82E-97E0-5309-93C2-4BECA4568E8D}.Debug|Any CPU.Build.0 = Debug|Any CPU
		{6C5BD82E-97E0-5309-93C2-4BECA4568E8D}.Release|Any CPU.ActiveCfg = Release|Any CPU
		{6C5BD82E-97E0-5309-93C2-4BECA4568E8D}.Release|Any CPU.Build.0 = Release|Any CPU
		{210472A5-7A92-D1AC-21A8-9658F6F8328F}.Debug|Any CPU.ActiveCfg = Debug|Any CPU
		{210472A5-7A92-D1AC-21A8-9658F6F8328F}.Debug|Any CPU.Build.0 = Debug|Any CPU
		{210472A5-7A92-D1AC-21A8-9658F6F8328F}.Release|Any CPU.ActiveCfg = Release|Any CPU
		{210472A5-7A92-D1AC-21A8-9658F6F8328F}.Release|Any CPU.Build.0 = Release|Any CPU
		{99B33790-81F9-CE84-D6BE-4939D9A348C4}.Debug|Any CPU.ActiveCfg = Debug|Any CPU
		{99B33790-81F9-CE84-D6BE-4939D9A348C4}.Debug|Any CPU.Build.0 = Debug|Any CPU
		{99B33790-81F9-CE84-D6BE-4939D9A348C4}.Release|Any CPU.ActiveCfg = Release|Any CPU
		{99B33790-81F9-CE84-D6BE-4939D9A348C4}.Release|Any CPU.Build.0 = Release|Any CPU
		{FAB54E46-F9B5-8C5C-B105-97E76E39E29C}.Debug|Any CPU.ActiveCfg = Debug|Any CPU
		{FAB54E46-F9B5-8C5C-B105-97E76E39E29C}.Debug|Any CPU.Build.0 = Debug|Any CPU
		{FAB54E46-F9B5-8C5C-B105-97E76E39E29C}.Release|Any CPU.ActiveCfg = Release|Any CPU
		{FAB54E46-F9B5-8C5C-B105-97E76E39E29C}.Release|Any CPU.Build.0 = Release|Any CPU
		{174B5902-C1BB-C68F-CC21-06959AEF57B3}.Debug|Any CPU.ActiveCfg = Debug|Any CPU
		{174B5902-C1BB-C68F-CC21-06959AEF57B3}.Debug|Any CPU.Build.0 = Debug|Any CPU
		{174B5902-C1BB-C68F-CC21-06959AEF57B3}.Release|Any CPU.ActiveCfg = Release|Any CPU
		{174B5902-C1BB-C68F-CC21-06959AEF57B3}.Release|Any CPU.Build.0 = Release|Any CPU
		{A4D5233A-9A5D-86D0-07C0-DB088347FD92}.Debug|Any CPU.ActiveCfg = Debug|Any CPU
		{A4D5233A-9A5D-86D0-07C0-DB088347FD92}.Debug|Any CPU.Build.0 = Debug|Any CPU
		{A4D5233A-9A5D-86D0-07C0-DB088347FD92}.Release|Any CPU.ActiveCfg = Release|Any CPU
		{A4D5233A-9A5D-86D0-07C0-DB088347FD92}.Release|Any CPU.Build.0 = Release|Any CPU
		{DD26DFA6-8080-06E9-4B9F-EBE46DABD7CB}.Debug|Any CPU.ActiveCfg = Debug|Any CPU
		{DD26DFA6-8080-06E9-4B9F-EBE46DABD7CB}.Debug|Any CPU.Build.0 = Debug|Any CPU
		{DD26DFA6-8080-06E9-4B9F-EBE46DABD7CB}.Release|Any CPU.ActiveCfg = Release|Any CPU
		{DD26DFA6-8080-06E9-4B9F-EBE46DABD7CB}.Release|Any CPU.Build.0 = Release|Any CPU
		{646A6AB0-90B3-2058-5CC5-830F6C972EB8}.Debug|Any CPU.ActiveCfg = Debug|Any CPU
		{646A6AB0-90B3-2058-5CC5-830F6C972EB8}.Debug|Any CPU.Build.0 = Debug|Any CPU
		{646A6AB0-90B3-2058-5CC5-830F6C972EB8}.Release|Any CPU.ActiveCfg = Release|Any CPU
		{646A6AB0-90B3-2058-5CC5-830F6C972EB8}.Release|Any CPU.Build.0 = Release|Any CPU
		{49EDF223-ABA9-17B7-22EC-77B5C5F27992}.Debug|Any CPU.ActiveCfg = Debug|Any CPU
		{49EDF223-ABA9-17B7-22EC-77B5C5F27992}.Debug|Any CPU.Build.0 = Debug|Any CPU
		{49EDF223-ABA9-17B7-22EC-77B5C5F27992}.Release|Any CPU.ActiveCfg = Release|Any CPU
		{49EDF223-ABA9-17B7-22EC-77B5C5F27992}.Release|Any CPU.Build.0 = Release|Any CPU
		{5AAF2DC7-E6DE-AD36-9EFF-9CF2E3D51F7A}.Debug|Any CPU.ActiveCfg = Debug|Any CPU
		{5AAF2DC7-E6DE-AD36-9EFF-9CF2E3D51F7A}.Debug|Any CPU.Build.0 = Debug|Any CPU
		{5AAF2DC7-E6DE-AD36-9EFF-9CF2E3D51F7A}.Release|Any CPU.ActiveCfg = Release|Any CPU
		{5AAF2DC7-E6DE-AD36-9EFF-9CF2E3D51F7A}.Release|Any CPU.Build.0 = Release|Any CPU
		{A684ED0A-25B3-C389-0EC4-CA8FCFE8A0FF}.Debug|Any CPU.ActiveCfg = Debug|Any CPU
		{A684ED0A-25B3-C389-0EC4-CA8FCFE8A0FF}.Debug|Any CPU.Build.0 = Debug|Any CPU
		{A684ED0A-25B3-C389-0EC4-CA8FCFE8A0FF}.Release|Any CPU.ActiveCfg = Release|Any CPU
		{A684ED0A-25B3-C389-0EC4-CA8FCFE8A0FF}.Release|Any CPU.Build.0 = Release|Any CPU
		{06F6DBBF-E2C4-4EAF-F8C6-1E40ED04DDD2}.Debug|Any CPU.ActiveCfg = Debug|Any CPU
		{06F6DBBF-E2C4-4EAF-F8C6-1E40ED04DDD2}.Debug|Any CPU.Build.0 = Debug|Any CPU
		{06F6DBBF-E2C4-4EAF-F8C6-1E40ED04DDD2}.Release|Any CPU.ActiveCfg = Release|Any CPU
		{06F6DBBF-E2C4-4EAF-F8C6-1E40ED04DDD2}.Release|Any CPU.Build.0 = Release|Any CPU
		{92F8510A-30F2-7335-77A0-95EC4A8C5145}.Debug|Any CPU.ActiveCfg = Debug|Any CPU
		{92F8510A-30F2-7335-77A0-95EC4A8C5145}.Debug|Any CPU.Build.0 = Debug|Any CPU
		{92F8510A-30F2-7335-77A0-95EC4A8C5145}.Release|Any CPU.ActiveCfg = Release|Any CPU
		{92F8510A-30F2-7335-77A0-95EC4A8C5145}.Release|Any CPU.Build.0 = Release|Any CPU
		{6E07ECD8-0857-EFF2-0481-FE4191F4988C}.Debug|Any CPU.ActiveCfg = Debug|Any CPU
		{6E07ECD8-0857-EFF2-0481-FE4191F4988C}.Debug|Any CPU.Build.0 = Debug|Any CPU
		{6E07ECD8-0857-EFF2-0481-FE4191F4988C}.Release|Any CPU.ActiveCfg = Release|Any CPU
		{6E07ECD8-0857-EFF2-0481-FE4191F4988C}.Release|Any CPU.Build.0 = Release|Any CPU
		{0486AEA7-F8BA-0A61-1C28-59FEC9B5F6C8}.Debug|Any CPU.ActiveCfg = Debug|Any CPU
		{0486AEA7-F8BA-0A61-1C28-59FEC9B5F6C8}.Debug|Any CPU.Build.0 = Debug|Any CPU
		{0486AEA7-F8BA-0A61-1C28-59FEC9B5F6C8}.Release|Any CPU.ActiveCfg = Release|Any CPU
		{0486AEA7-F8BA-0A61-1C28-59FEC9B5F6C8}.Release|Any CPU.Build.0 = Release|Any CPU
	EndGlobalSection
	GlobalSection(SolutionProperties) = preSolution
		HideSolutionNode = FALSE
	EndGlobalSection
	GlobalSection(ExtensibilityGlobals) = postSolution
		SolutionGuid = {CC196581-6E5D-4C83-9303-D2BA51DB513F}
	EndGlobalSection
EndGlobal
